
Microsoft Visual Studio Solution File, Format Version 12.00
# Visual Studio Version 17
VisualStudioVersion = 17.4.33110.190
MinimumVisualStudioVersion = 10.0.40219.1
Project("{00D1A9C2-B5F0-4AF3-8072-F6C62B433612}") = "UserDB", "UserDB\UserDB.sqlproj", "{1D394262-6579-4F1F-B7B3-92721D269634}"
EndProject
Project("{FAE04EC0-301F-11D3-BF4B-00C04F79EFBC}") = "DataAccess", "DataAccess\DataAccess.csproj", "{CD95A714-499A-4330-932A-FD3995F3C657}"
EndProject
Project("{FAE04EC0-301F-11D3-BF4B-00C04F79EFBC}") = "MinimalAPIDemo", "MinimalAPIDemo\MinimalAPIDemo.csproj", "{8688940A-AFEB-4AF5-97F2-616804409B7C}"
EndProject
Global
	GlobalSection(SolutionConfigurationPlatforms) = preSolution
		Debug|Any CPU = Debug|Any CPU
		Release|Any CPU = Release|Any CPU
	EndGlobalSection
	GlobalSection(ProjectConfigurationPlatforms) = postSolution
		{1D394262-6579-4F1F-B7B3-92721D269634}.Debug|Any CPU.ActiveCfg = Debug|Any CPU
		{1D394262-6579-4F1F-B7B3-92721D269634}.Debug|Any CPU.Build.0 = Debug|Any CPU
		{1D394262-6579-4F1F-B7B3-92721D269634}.Debug|Any CPU.Deploy.0 = Debug|Any CPU
		{1D394262-6579-4F1F-B7B3-92721D269634}.Release|Any CPU.ActiveCfg = Release|Any CPU
		{1D394262-6579-4F1F-B7B3-92721D269634}.Release|Any CPU.Build.0 = Release|Any CPU
		{1D394262-6579-4F1F-B7B3-92721D269634}.Release|Any CPU.Deploy.0 = Release|Any CPU
		{CD95A714-499A-4330-932A-FD3995F3C657}.Debug|Any CPU.ActiveCfg = Debug|Any CPU
		{CD95A714-499A-4330-932A-FD3995F3C657}.Debug|Any CPU.Build.0 = Debug|Any CPU
		{CD95A714-499A-4330-932A-FD3995F3C657}.Release|Any CPU.ActiveCfg = Release|Any CPU
		{CD95A714-499A-4330-932A-FD3995F3C657}.Release|Any CPU.Build.0 = Release|Any CPU
		{8688940A-AFEB-4AF5-97F2-616804409B7C}.Debug|Any CPU.ActiveCfg = Debug|Any CPU
		{8688940A-AFEB-4AF5-97F2-616804409B7C}.Debug|Any CPU.Build.0 = Debug|Any CPU
		{8688940A-AFEB-4AF5-97F2-616804409B7C}.Release|Any CPU.ActiveCfg = Release|Any CPU
		{8688940A-AFEB-4AF5-97F2-616804409B7C}.Release|Any CPU.Build.0 = Release|Any CPU
	EndGlobalSection
	GlobalSection(SolutionProperties) = preSolution
		HideSolutionNode = FALSE
	EndGlobalSection
	GlobalSection(ExtensibilityGlobals) = postSolution
		SolutionGuid = {08BD08D4-8CCF-44DE-8693-DDC5877D444B}
	EndGlobalSection
EndGlobal
